// !$*UTF8*$!
{
	archiveVersion = 1;
	classes = {
	};
	objectVersion = 55;
	objects = {

/* Begin PBXBuildFile section */
		621A9ACD1577FF09810FF3C2 /* libPods-Helpi.a in Frameworks */ = {isa = PBXBuildFile; fileRef = E8507AACF98522BAAAAD2562 /* libPods-Helpi.a */; };
		9A1F8B7D2869E2F600F6E16C /* HelpViewController.swift in Sources */ = {isa = PBXBuildFile; fileRef = 9A1F8B7B2869E2F600F6E16C /* HelpViewController.swift */; };
		9A1F8B7E2869E2F600F6E16C /* HelpViewController.xib in Resources */ = {isa = PBXBuildFile; fileRef = 9A1F8B7C2869E2F600F6E16C /* HelpViewController.xib */; };
		9A1F8B812869EF5000F6E16C /* AssistanceViewController.swift in Sources */ = {isa = PBXBuildFile; fileRef = 9A1F8B7F2869EF5000F6E16C /* AssistanceViewController.swift */; };
		9A1F8B822869EF5000F6E16C /* AssistanceViewController.xib in Resources */ = {isa = PBXBuildFile; fileRef = 9A1F8B802869EF5000F6E16C /* AssistanceViewController.xib */; };
		9A1F8B852869F2CA00F6E16C /* CircularProgressBarView.swift in Sources */ = {isa = PBXBuildFile; fileRef = 9A1F8B842869F2CA00F6E16C /* CircularProgressBarView.swift */; };
		9A1F8B8C286D211400F6E16C /* UIViewController.swift in Sources */ = {isa = PBXBuildFile; fileRef = 9A1F8B8B286D211400F6E16C /* UIViewController.swift */; };
		9A1F8B8F286D264F00F6E16C /* PersonalNoteViewController.swift in Sources */ = {isa = PBXBuildFile; fileRef = 9A1F8B8D286D264F00F6E16C /* PersonalNoteViewController.swift */; };
		9A1F8B90286D264F00F6E16C /* PersonalNoteViewController.xib in Resources */ = {isa = PBXBuildFile; fileRef = 9A1F8B8E286D264F00F6E16C /* PersonalNoteViewController.xib */; };
		9A1F8B93286DCF3B00F6E16C /* AddFriendViewController.swift in Sources */ = {isa = PBXBuildFile; fileRef = 9A1F8B91286DCF3B00F6E16C /* AddFriendViewController.swift */; };
		9A1F8B94286DCF3B00F6E16C /* AddFriendViewController.xib in Resources */ = {isa = PBXBuildFile; fileRef = 9A1F8B92286DCF3B00F6E16C /* AddFriendViewController.xib */; };
		9A1F8B97286DEE4C00F6E16C /* CloudKitService.swift in Sources */ = {isa = PBXBuildFile; fileRef = 9A1F8B96286DEE4C00F6E16C /* CloudKitService.swift */; };
		9A1F8B9A286EA03B00F6E16C /* FriendTableViewCell.swift in Sources */ = {isa = PBXBuildFile; fileRef = 9A1F8B98286EA03B00F6E16C /* FriendTableViewCell.swift */; };
		9A1F8B9B286EA03B00F6E16C /* FriendTableViewCell.xib in Resources */ = {isa = PBXBuildFile; fileRef = 9A1F8B99286EA03B00F6E16C /* FriendTableViewCell.xib */; };
		9A9120C62872EE3E005B8C0B /* String.swift in Sources */ = {isa = PBXBuildFile; fileRef = 9A9120C52872EE3E005B8C0B /* String.swift */; };
		9AA5476C2870AD6200E3B603 /* ModelOnboarding.swift in Sources */ = {isa = PBXBuildFile; fileRef = A07BB94D286B696B00A3DE30 /* ModelOnboarding.swift */; };
		9AA547702870B42100E3B603 /* TutorialViewController.swift in Sources */ = {isa = PBXBuildFile; fileRef = 9AA5476F2870B42100E3B603 /* TutorialViewController.swift */; };
		9AA5477228713E5000E3B603 /* SessionManager.swift in Sources */ = {isa = PBXBuildFile; fileRef = 9AA5477128713E5000E3B603 /* SessionManager.swift */; };
		9AE05F792864AB21000D3386 /* AppDelegate.swift in Sources */ = {isa = PBXBuildFile; fileRef = 9AE05F782864AB21000D3386 /* AppDelegate.swift */; };
		9AE05F832864AB21000D3386 /* Helpi.xcdatamodeld in Sources */ = {isa = PBXBuildFile; fileRef = 9AE05F812864AB21000D3386 /* Helpi.xcdatamodeld */; };
		9AE05F852864AB24000D3386 /* Assets.xcassets in Resources */ = {isa = PBXBuildFile; fileRef = 9AE05F842864AB24000D3386 /* Assets.xcassets */; };
		9AE05F882864AB24000D3386 /* LaunchScreen.storyboard in Resources */ = {isa = PBXBuildFile; fileRef = 9AE05F862864AB24000D3386 /* LaunchScreen.storyboard */; };
		9AE05F922864B427000D3386 /* MainViewController.swift in Sources */ = {isa = PBXBuildFile; fileRef = 9AE05F902864B427000D3386 /* MainViewController.swift */; };
		9AE05F932864B427000D3386 /* MainViewController.xib in Resources */ = {isa = PBXBuildFile; fileRef = 9AE05F912864B427000D3386 /* MainViewController.xib */; };
		9AE05F992864B693000D3386 /* CloudKit.framework in Frameworks */ = {isa = PBXBuildFile; fileRef = 9AE05F982864B693000D3386 /* CloudKit.framework */; };
		9AE05F9C28652D31000D3386 /* Variables.swift in Sources */ = {isa = PBXBuildFile; fileRef = 9AE05F9B28652D31000D3386 /* Variables.swift */; };
		A04D66C0286DF36F00C43D83 /* DoneViewController.swift in Sources */ = {isa = PBXBuildFile; fileRef = A04D66BE286DF36F00C43D83 /* DoneViewController.swift */; };
		A04D66C1286DF36F00C43D83 /* DoneViewController.xib in Resources */ = {isa = PBXBuildFile; fileRef = A04D66BF286DF36F00C43D83 /* DoneViewController.xib */; };
		A054125F28717A1E00529401 /* sound.wav in Resources */ = {isa = PBXBuildFile; fileRef = A054125E28717A1E00529401 /* sound.wav */; };
		A078FF41286C4B6B006D686F /* ContactViewController.swift in Sources */ = {isa = PBXBuildFile; fileRef = A078FF3F286C4B6B006D686F /* ContactViewController.swift */; };
		A078FF42286C4B6B006D686F /* ContactViewController.xib in Resources */ = {isa = PBXBuildFile; fileRef = A078FF40286C4B6B006D686F /* ContactViewController.xib */; };
		A078FF45286C5B75006D686F /* PersonalNotesViewController.swift in Sources */ = {isa = PBXBuildFile; fileRef = A078FF43286C5B75006D686F /* PersonalNotesViewController.swift */; };
		A078FF46286C5B75006D686F /* PersonalNotesViewController.xib in Resources */ = {isa = PBXBuildFile; fileRef = A078FF44286C5B75006D686F /* PersonalNotesViewController.xib */; };
		A07BB7A4286AF64C00A3DE30 /* UserHealthProfile.swift in Sources */ = {isa = PBXBuildFile; fileRef = A07BB7A3286AF64C00A3DE30 /* UserHealthProfile.swift */; };
		A07BB7A6286AF65B00A3DE30 /* ProfileDataSource.swift in Sources */ = {isa = PBXBuildFile; fileRef = A07BB7A5286AF65B00A3DE30 /* ProfileDataSource.swift */; };
		A07BB7A8286AF67200A3DE30 /* HealthKitSetupAssistant.swift in Sources */ = {isa = PBXBuildFile; fileRef = A07BB7A7286AF67200A3DE30 /* HealthKitSetupAssistant.swift */; };
		A07BB7AB286AF69700A3DE30 /* HKBiologicalSex+StringRepresentation.swift in Sources */ = {isa = PBXBuildFile; fileRef = A07BB7AA286AF69700A3DE30 /* HKBiologicalSex+StringRepresentation.swift */; };
		A07BB7AD286AF6C800A3DE30 /* HKBloodType+StringRepresentation.swift in Sources */ = {isa = PBXBuildFile; fileRef = A07BB7AC286AF6C800A3DE30 /* HKBloodType+StringRepresentation.swift */; };
		A07BB7C3286B622000A3DE30 /* Podfile in Resources */ = {isa = PBXBuildFile; fileRef = A07BB7C2286B622000A3DE30 /* Podfile */; };
		A07BB94E286B696B00A3DE30 /* OnboardingCollectionViewCell.swift in Sources */ = {isa = PBXBuildFile; fileRef = A07BB948286B696B00A3DE30 /* OnboardingCollectionViewCell.swift */; };
		A07BB94F286B696B00A3DE30 /* OnboardingCollectionViewCell.xib in Resources */ = {isa = PBXBuildFile; fileRef = A07BB949286B696B00A3DE30 /* OnboardingCollectionViewCell.xib */; };
		A07BB950286B696B00A3DE30 /* OnboardViewController.swift in Sources */ = {isa = PBXBuildFile; fileRef = A07BB94A286B696B00A3DE30 /* OnboardViewController.swift */; };
		A07BB951286B696B00A3DE30 /* OnboardViewController.xib in Resources */ = {isa = PBXBuildFile; fileRef = A07BB94C286B696B00A3DE30 /* OnboardViewController.xib */; };
		A0802D80286C854F004A22CB /* FirstAidScreen.swift in Sources */ = {isa = PBXBuildFile; fileRef = A0802D7E286C854F004A22CB /* FirstAidScreen.swift */; };
		A0802D81286C854F004A22CB /* FirstAidScreen.xib in Resources */ = {isa = PBXBuildFile; fileRef = A0802D7F286C854F004A22CB /* FirstAidScreen.xib */; };
		A0802D83286C8594004A22CB /* ModelFirstAid.swift in Sources */ = {isa = PBXBuildFile; fileRef = A0802D82286C8594004A22CB /* ModelFirstAid.swift */; };
		A0802D8A286C8653004A22CB /* FirstAidCollectionViewCell.swift in Sources */ = {isa = PBXBuildFile; fileRef = A0802D88286C8653004A22CB /* FirstAidCollectionViewCell.swift */; };
		A0802D8B286C8653004A22CB /* FirstAidCollectionViewCell.xib in Resources */ = {isa = PBXBuildFile; fileRef = A0802D89286C8653004A22CB /* FirstAidCollectionViewCell.xib */; };
		A09E03B1286EC0CD005391F0 /* HomeViewController.swift in Sources */ = {isa = PBXBuildFile; fileRef = A09E03AF286EC0CD005391F0 /* HomeViewController.swift */; };
		A09E03B2286EC0CD005391F0 /* HomeViewController.xib in Resources */ = {isa = PBXBuildFile; fileRef = A09E03B0286EC0CD005391F0 /* HomeViewController.xib */; };
		A0A3369D286A1DD100988028 /* HealthKit.framework in Frameworks */ = {isa = PBXBuildFile; fileRef = A0A3369C286A1DD100988028 /* HealthKit.framework */; };
		EEE041D6286A8C9D00A2B04D /* ActivationViewController.swift in Sources */ = {isa = PBXBuildFile; fileRef = EEE041D4286A8C9D00A2B04D /* ActivationViewController.swift */; };
		EEE041D7286A8C9D00A2B04D /* ActivationViewController.xib in Resources */ = {isa = PBXBuildFile; fileRef = EEE041D5286A8C9D00A2B04D /* ActivationViewController.xib */; };
		EEE041D9286A8D4200A2B04D /* Intents.intentdefinition in Sources */ = {isa = PBXBuildFile; fileRef = EEE041D8286A8D4200A2B04D /* Intents.intentdefinition */; };
		EEE04200286D315500A2B04D /* ProfileSetupViewController.swift in Sources */ = {isa = PBXBuildFile; fileRef = EEE041FE286D315500A2B04D /* ProfileSetupViewController.swift */; };
		EEE04201286D315500A2B04D /* ProfileSetupViewController.xib in Resources */ = {isa = PBXBuildFile; fileRef = EEE041FF286D315500A2B04D /* ProfileSetupViewController.xib */; };
		EEE04203286D398700A2B04D /* KeychainItem.swift in Sources */ = {isa = PBXBuildFile; fileRef = EEE04202286D398700A2B04D /* KeychainItem.swift */; };
		EEE04205286D3A9500A2B04D /* ResultViewController.swift in Sources */ = {isa = PBXBuildFile; fileRef = EEE04204286D3A9500A2B04D /* ResultViewController.swift */; };
		EEE04207286E585F00A2B04D /* AuthenticationServices.framework in Frameworks */ = {isa = PBXBuildFile; fileRef = EEE04206286E579A00A2B04D /* AuthenticationServices.framework */; };
		EEE0420B286E9BD000A2B04D /* TutorialViewController.xib in Resources */ = {isa = PBXBuildFile; fileRef = EEE04209286E9BD000A2B04D /* TutorialViewController.xib */; };
		EEE0420E286F28CA00A2B04D /* BacktapTutorialViewController.swift in Sources */ = {isa = PBXBuildFile; fileRef = EEE0420C286F28CA00A2B04D /* BacktapTutorialViewController.swift */; };
		EEE0420F286F28CA00A2B04D /* BacktapTutorialViewController.xib in Resources */ = {isa = PBXBuildFile; fileRef = EEE0420D286F28CA00A2B04D /* BacktapTutorialViewController.xib */; };
		EEE04211286F3BA900A2B04D /* PlayView.swift in Sources */ = {isa = PBXBuildFile; fileRef = EEE04210286F3BA900A2B04D /* PlayView.swift */; };
/* End PBXBuildFile section */

/* Begin PBXFileReference section */
		0B14154B70A04060AC6C4DE4 /* Pods-Helpi.debug.xcconfig */ = {isa = PBXFileReference; includeInIndex = 1; lastKnownFileType = text.xcconfig; name = "Pods-Helpi.debug.xcconfig"; path = "Target Support Files/Pods-Helpi/Pods-Helpi.debug.xcconfig"; sourceTree = "<group>"; };
		9A1F8B7B2869E2F600F6E16C /* HelpViewController.swift */ = {isa = PBXFileReference; lastKnownFileType = sourcecode.swift; path = HelpViewController.swift; sourceTree = "<group>"; };
		9A1F8B7C2869E2F600F6E16C /* HelpViewController.xib */ = {isa = PBXFileReference; lastKnownFileType = file.xib; path = HelpViewController.xib; sourceTree = "<group>"; };
		9A1F8B7F2869EF5000F6E16C /* AssistanceViewController.swift */ = {isa = PBXFileReference; lastKnownFileType = sourcecode.swift; path = AssistanceViewController.swift; sourceTree = "<group>"; };
		9A1F8B802869EF5000F6E16C /* AssistanceViewController.xib */ = {isa = PBXFileReference; lastKnownFileType = file.xib; path = AssistanceViewController.xib; sourceTree = "<group>"; };
		9A1F8B842869F2CA00F6E16C /* CircularProgressBarView.swift */ = {isa = PBXFileReference; lastKnownFileType = sourcecode.swift; path = CircularProgressBarView.swift; sourceTree = "<group>"; };
		9A1F8B8B286D211400F6E16C /* UIViewController.swift */ = {isa = PBXFileReference; lastKnownFileType = sourcecode.swift; path = UIViewController.swift; sourceTree = "<group>"; };
		9A1F8B8D286D264F00F6E16C /* PersonalNoteViewController.swift */ = {isa = PBXFileReference; lastKnownFileType = sourcecode.swift; path = PersonalNoteViewController.swift; sourceTree = "<group>"; };
		9A1F8B8E286D264F00F6E16C /* PersonalNoteViewController.xib */ = {isa = PBXFileReference; lastKnownFileType = file.xib; path = PersonalNoteViewController.xib; sourceTree = "<group>"; };
		9A1F8B91286DCF3B00F6E16C /* AddFriendViewController.swift */ = {isa = PBXFileReference; lastKnownFileType = sourcecode.swift; path = AddFriendViewController.swift; sourceTree = "<group>"; };
		9A1F8B92286DCF3B00F6E16C /* AddFriendViewController.xib */ = {isa = PBXFileReference; lastKnownFileType = file.xib; path = AddFriendViewController.xib; sourceTree = "<group>"; };
		9A1F8B96286DEE4C00F6E16C /* CloudKitService.swift */ = {isa = PBXFileReference; lastKnownFileType = sourcecode.swift; path = CloudKitService.swift; sourceTree = "<group>"; };
		9A1F8B98286EA03B00F6E16C /* FriendTableViewCell.swift */ = {isa = PBXFileReference; lastKnownFileType = sourcecode.swift; path = FriendTableViewCell.swift; sourceTree = "<group>"; };
		9A1F8B99286EA03B00F6E16C /* FriendTableViewCell.xib */ = {isa = PBXFileReference; lastKnownFileType = file.xib; path = FriendTableViewCell.xib; sourceTree = "<group>"; };
		9A9120C52872EE3E005B8C0B /* String.swift */ = {isa = PBXFileReference; lastKnownFileType = sourcecode.swift; path = String.swift; sourceTree = "<group>"; };
		9AA5476F2870B42100E3B603 /* TutorialViewController.swift */ = {isa = PBXFileReference; fileEncoding = 4; lastKnownFileType = sourcecode.swift; path = TutorialViewController.swift; sourceTree = "<group>"; };
		9AA5477128713E5000E3B603 /* SessionManager.swift */ = {isa = PBXFileReference; lastKnownFileType = sourcecode.swift; path = SessionManager.swift; sourceTree = "<group>"; };
		9AE05F752864AB21000D3386 /* Helpi.app */ = {isa = PBXFileReference; explicitFileType = wrapper.application; includeInIndex = 0; path = Helpi.app; sourceTree = BUILT_PRODUCTS_DIR; };
		9AE05F782864AB21000D3386 /* AppDelegate.swift */ = {isa = PBXFileReference; lastKnownFileType = sourcecode.swift; path = AppDelegate.swift; sourceTree = "<group>"; };
		9AE05F822864AB21000D3386 /* Helpi.xcdatamodel */ = {isa = PBXFileReference; lastKnownFileType = wrapper.xcdatamodel; path = Helpi.xcdatamodel; sourceTree = "<group>"; };
		9AE05F842864AB24000D3386 /* Assets.xcassets */ = {isa = PBXFileReference; lastKnownFileType = folder.assetcatalog; path = Assets.xcassets; sourceTree = "<group>"; };
		9AE05F872864AB24000D3386 /* Base */ = {isa = PBXFileReference; lastKnownFileType = file.storyboard; name = Base; path = Base.lproj/LaunchScreen.storyboard; sourceTree = "<group>"; };
		9AE05F892864AB24000D3386 /* Info.plist */ = {isa = PBXFileReference; lastKnownFileType = text.plist.xml; path = Info.plist; sourceTree = "<group>"; };
		9AE05F8F2864AB58000D3386 /* Helpi.entitlements */ = {isa = PBXFileReference; lastKnownFileType = text.plist.entitlements; path = Helpi.entitlements; sourceTree = "<group>"; };
		9AE05F902864B427000D3386 /* MainViewController.swift */ = {isa = PBXFileReference; lastKnownFileType = sourcecode.swift; path = MainViewController.swift; sourceTree = "<group>"; };
		9AE05F912864B427000D3386 /* MainViewController.xib */ = {isa = PBXFileReference; lastKnownFileType = file.xib; path = MainViewController.xib; sourceTree = "<group>"; };
		9AE05F982864B693000D3386 /* CloudKit.framework */ = {isa = PBXFileReference; lastKnownFileType = wrapper.framework; name = CloudKit.framework; path = System/Library/Frameworks/CloudKit.framework; sourceTree = SDKROOT; };
		9AE05F9B28652D31000D3386 /* Variables.swift */ = {isa = PBXFileReference; lastKnownFileType = sourcecode.swift; path = Variables.swift; sourceTree = "<group>"; };
		A04D66BE286DF36F00C43D83 /* DoneViewController.swift */ = {isa = PBXFileReference; lastKnownFileType = sourcecode.swift; path = DoneViewController.swift; sourceTree = "<group>"; };
		A04D66BF286DF36F00C43D83 /* DoneViewController.xib */ = {isa = PBXFileReference; lastKnownFileType = file.xib; path = DoneViewController.xib; sourceTree = "<group>"; };
		A054125E28717A1E00529401 /* sound.wav */ = {isa = PBXFileReference; lastKnownFileType = audio.wav; path = sound.wav; sourceTree = "<group>"; };
		A078FF3F286C4B6B006D686F /* ContactViewController.swift */ = {isa = PBXFileReference; lastKnownFileType = sourcecode.swift; path = ContactViewController.swift; sourceTree = "<group>"; };
		A078FF40286C4B6B006D686F /* ContactViewController.xib */ = {isa = PBXFileReference; lastKnownFileType = file.xib; path = ContactViewController.xib; sourceTree = "<group>"; };
		A078FF43286C5B75006D686F /* PersonalNotesViewController.swift */ = {isa = PBXFileReference; lastKnownFileType = sourcecode.swift; path = PersonalNotesViewController.swift; sourceTree = "<group>"; };
		A078FF44286C5B75006D686F /* PersonalNotesViewController.xib */ = {isa = PBXFileReference; lastKnownFileType = file.xib; path = PersonalNotesViewController.xib; sourceTree = "<group>"; };
		A07BB7A3286AF64C00A3DE30 /* UserHealthProfile.swift */ = {isa = PBXFileReference; lastKnownFileType = sourcecode.swift; path = UserHealthProfile.swift; sourceTree = "<group>"; };
		A07BB7A5286AF65B00A3DE30 /* ProfileDataSource.swift */ = {isa = PBXFileReference; lastKnownFileType = sourcecode.swift; path = ProfileDataSource.swift; sourceTree = "<group>"; };
		A07BB7A7286AF67200A3DE30 /* HealthKitSetupAssistant.swift */ = {isa = PBXFileReference; lastKnownFileType = sourcecode.swift; path = HealthKitSetupAssistant.swift; sourceTree = "<group>"; };
		A07BB7AA286AF69700A3DE30 /* HKBiologicalSex+StringRepresentation.swift */ = {isa = PBXFileReference; lastKnownFileType = sourcecode.swift; path = "HKBiologicalSex+StringRepresentation.swift"; sourceTree = "<group>"; };
		A07BB7AC286AF6C800A3DE30 /* HKBloodType+StringRepresentation.swift */ = {isa = PBXFileReference; lastKnownFileType = sourcecode.swift; path = "HKBloodType+StringRepresentation.swift"; sourceTree = "<group>"; };
		A07BB7C2286B622000A3DE30 /* Podfile */ = {isa = PBXFileReference; fileEncoding = 4; lastKnownFileType = text; path = Podfile; sourceTree = SOURCE_ROOT; xcLanguageSpecificationIdentifier = xcode.lang.ruby; };
		A07BB948286B696B00A3DE30 /* OnboardingCollectionViewCell.swift */ = {isa = PBXFileReference; fileEncoding = 4; lastKnownFileType = sourcecode.swift; path = OnboardingCollectionViewCell.swift; sourceTree = "<group>"; };
		A07BB949286B696B00A3DE30 /* OnboardingCollectionViewCell.xib */ = {isa = PBXFileReference; fileEncoding = 4; lastKnownFileType = file.xib; path = OnboardingCollectionViewCell.xib; sourceTree = "<group>"; };
		A07BB94A286B696B00A3DE30 /* OnboardViewController.swift */ = {isa = PBXFileReference; fileEncoding = 4; lastKnownFileType = sourcecode.swift; path = OnboardViewController.swift; sourceTree = "<group>"; };
		A07BB94C286B696B00A3DE30 /* OnboardViewController.xib */ = {isa = PBXFileReference; fileEncoding = 4; lastKnownFileType = file.xib; path = OnboardViewController.xib; sourceTree = "<group>"; };
		A07BB94D286B696B00A3DE30 /* ModelOnboarding.swift */ = {isa = PBXFileReference; fileEncoding = 4; lastKnownFileType = sourcecode.swift; path = ModelOnboarding.swift; sourceTree = "<group>"; };
		A0802D7E286C854F004A22CB /* FirstAidScreen.swift */ = {isa = PBXFileReference; lastKnownFileType = sourcecode.swift; path = FirstAidScreen.swift; sourceTree = "<group>"; };
		A0802D7F286C854F004A22CB /* FirstAidScreen.xib */ = {isa = PBXFileReference; lastKnownFileType = file.xib; path = FirstAidScreen.xib; sourceTree = "<group>"; };
		A0802D82286C8594004A22CB /* ModelFirstAid.swift */ = {isa = PBXFileReference; lastKnownFileType = sourcecode.swift; path = ModelFirstAid.swift; sourceTree = "<group>"; };
		A0802D88286C8653004A22CB /* FirstAidCollectionViewCell.swift */ = {isa = PBXFileReference; lastKnownFileType = sourcecode.swift; path = FirstAidCollectionViewCell.swift; sourceTree = "<group>"; };
		A0802D89286C8653004A22CB /* FirstAidCollectionViewCell.xib */ = {isa = PBXFileReference; lastKnownFileType = file.xib; path = FirstAidCollectionViewCell.xib; sourceTree = "<group>"; };
		A09E03AF286EC0CD005391F0 /* HomeViewController.swift */ = {isa = PBXFileReference; lastKnownFileType = sourcecode.swift; path = HomeViewController.swift; sourceTree = "<group>"; };
		A09E03B0286EC0CD005391F0 /* HomeViewController.xib */ = {isa = PBXFileReference; lastKnownFileType = file.xib; path = HomeViewController.xib; sourceTree = "<group>"; };
		A0A3369C286A1DD100988028 /* HealthKit.framework */ = {isa = PBXFileReference; lastKnownFileType = wrapper.framework; name = HealthKit.framework; path = System/Library/Frameworks/HealthKit.framework; sourceTree = SDKROOT; };
		A38C454D9E81CC18B52A5DC2 /* Pods-Helpi.release.xcconfig */ = {isa = PBXFileReference; includeInIndex = 1; lastKnownFileType = text.xcconfig; name = "Pods-Helpi.release.xcconfig"; path = "Target Support Files/Pods-Helpi/Pods-Helpi.release.xcconfig"; sourceTree = "<group>"; };
		E8507AACF98522BAAAAD2562 /* libPods-Helpi.a */ = {isa = PBXFileReference; explicitFileType = archive.ar; includeInIndex = 0; path = "libPods-Helpi.a"; sourceTree = BUILT_PRODUCTS_DIR; };
		EEE041D4286A8C9D00A2B04D /* ActivationViewController.swift */ = {isa = PBXFileReference; lastKnownFileType = sourcecode.swift; path = ActivationViewController.swift; sourceTree = "<group>"; };
		EEE041D5286A8C9D00A2B04D /* ActivationViewController.xib */ = {isa = PBXFileReference; lastKnownFileType = file.xib; path = ActivationViewController.xib; sourceTree = "<group>"; };
		EEE041D8286A8D4200A2B04D /* Intents.intentdefinition */ = {isa = PBXFileReference; lastKnownFileType = file.intentdefinition; path = Intents.intentdefinition; sourceTree = "<group>"; };
		EEE041FE286D315500A2B04D /* ProfileSetupViewController.swift */ = {isa = PBXFileReference; lastKnownFileType = sourcecode.swift; path = ProfileSetupViewController.swift; sourceTree = "<group>"; };
		EEE041FF286D315500A2B04D /* ProfileSetupViewController.xib */ = {isa = PBXFileReference; lastKnownFileType = file.xib; path = ProfileSetupViewController.xib; sourceTree = "<group>"; };
		EEE04202286D398700A2B04D /* KeychainItem.swift */ = {isa = PBXFileReference; lastKnownFileType = sourcecode.swift; path = KeychainItem.swift; sourceTree = "<group>"; };
		EEE04204286D3A9500A2B04D /* ResultViewController.swift */ = {isa = PBXFileReference; lastKnownFileType = sourcecode.swift; path = ResultViewController.swift; sourceTree = "<group>"; };
		EEE04206286E579A00A2B04D /* AuthenticationServices.framework */ = {isa = PBXFileReference; lastKnownFileType = wrapper.framework; name = AuthenticationServices.framework; path = System/Library/Frameworks/AuthenticationServices.framework; sourceTree = SDKROOT; };
		EEE04209286E9BD000A2B04D /* TutorialViewController.xib */ = {isa = PBXFileReference; lastKnownFileType = file.xib; path = TutorialViewController.xib; sourceTree = "<group>"; };
		EEE0420C286F28CA00A2B04D /* BacktapTutorialViewController.swift */ = {isa = PBXFileReference; lastKnownFileType = sourcecode.swift; path = BacktapTutorialViewController.swift; sourceTree = "<group>"; };
		EEE0420D286F28CA00A2B04D /* BacktapTutorialViewController.xib */ = {isa = PBXFileReference; lastKnownFileType = file.xib; path = BacktapTutorialViewController.xib; sourceTree = "<group>"; };
		EEE04210286F3BA900A2B04D /* PlayView.swift */ = {isa = PBXFileReference; lastKnownFileType = sourcecode.swift; path = PlayView.swift; sourceTree = "<group>"; };
/* End PBXFileReference section */

/* Begin PBXFrameworksBuildPhase section */
		9AE05F722864AB21000D3386 /* Frameworks */ = {
			isa = PBXFrameworksBuildPhase;
			buildActionMask = 2147483647;
			files = (
				EEE04207286E585F00A2B04D /* AuthenticationServices.framework in Frameworks */,
				9AE05F992864B693000D3386 /* CloudKit.framework in Frameworks */,
				A0A3369D286A1DD100988028 /* HealthKit.framework in Frameworks */,
				621A9ACD1577FF09810FF3C2 /* libPods-Helpi.a in Frameworks */,
			);
			runOnlyForDeploymentPostprocessing = 0;
		};
/* End PBXFrameworksBuildPhase section */

/* Begin PBXGroup section */
		7DD0B9C8DAC59494BBB8837B /* Pods */ = {
			isa = PBXGroup;
			children = (
				A07BB7C2286B622000A3DE30 /* Podfile */,
				0B14154B70A04060AC6C4DE4 /* Pods-Helpi.debug.xcconfig */,
				A38C454D9E81CC18B52A5DC2 /* Pods-Helpi.release.xcconfig */,
			);
			path = Pods;
			sourceTree = "<group>";
		};
		9A1F8B832869F2B000F6E16C /* Views */ = {
			isa = PBXGroup;
			children = (
				9A1F8B842869F2CA00F6E16C /* CircularProgressBarView.swift */,
				9A1F8B98286EA03B00F6E16C /* FriendTableViewCell.swift */,
				9A1F8B99286EA03B00F6E16C /* FriendTableViewCell.xib */,
			);
			path = Views;
			sourceTree = "<group>";
		};
		9A1F8B8A286D20F300F6E16C /* Extension */ = {
			isa = PBXGroup;
			children = (
				A07BB7AA286AF69700A3DE30 /* HKBiologicalSex+StringRepresentation.swift */,
				A07BB7AC286AF6C800A3DE30 /* HKBloodType+StringRepresentation.swift */,
				9A1F8B8B286D211400F6E16C /* UIViewController.swift */,
				9A9120C52872EE3E005B8C0B /* String.swift */,
			);
			path = Extension;
			sourceTree = "<group>";
		};
		9A1F8B95286DEE3200F6E16C /* Service */ = {
			isa = PBXGroup;
			children = (
				9A1F8B96286DEE4C00F6E16C /* CloudKitService.swift */,
				9AA5477128713E5000E3B603 /* SessionManager.swift */,
			);
			path = Service;
			sourceTree = "<group>";
		};
		9AE05F6C2864AB21000D3386 = {
			isa = PBXGroup;
			children = (
				9AE05F772864AB21000D3386 /* Helpi */,
				9AE05F762864AB21000D3386 /* Products */,
				9AE05F972864B693000D3386 /* Frameworks */,
				7DD0B9C8DAC59494BBB8837B /* Pods */,
			);
			sourceTree = "<group>";
		};
		9AE05F762864AB21000D3386 /* Products */ = {
			isa = PBXGroup;
			children = (
				9AE05F752864AB21000D3386 /* Helpi.app */,
			);
			name = Products;
			sourceTree = "<group>";
		};
		9AE05F772864AB21000D3386 /* Helpi */ = {
			isa = PBXGroup;
			children = (
				A054125D28717A0F00529401 /* sound */,
				9A1F8B95286DEE3200F6E16C /* Service */,
				9A1F8B8A286D20F300F6E16C /* Extension */,
				9AE05F962864B4C1000D3386 /* Features */,
				9AE05F952864B484000D3386 /* Main */,
				9AE05F9A28652D22000D3386 /* Model */,
				9AE05F942864B470000D3386 /* Resources */,
				9AE05F8F2864AB58000D3386 /* Helpi.entitlements */,
				9AE05F812864AB21000D3386 /* Helpi.xcdatamodeld */,
			);
			path = Helpi;
			sourceTree = "<group>";
		};
		9AE05F942864B470000D3386 /* Resources */ = {
			isa = PBXGroup;
			children = (
				9AE05F842864AB24000D3386 /* Assets.xcassets */,
				9AE05F892864AB24000D3386 /* Info.plist */,
				EEE041D8286A8D4200A2B04D /* Intents.intentdefinition */,
				EEE04202286D398700A2B04D /* KeychainItem.swift */,
			);
			path = Resources;
			sourceTree = "<group>";
		};
		9AE05F952864B484000D3386 /* Main */ = {
			isa = PBXGroup;
			children = (
				9AE05F862864AB24000D3386 /* LaunchScreen.storyboard */,
				9AE05F782864AB21000D3386 /* AppDelegate.swift */,
			);
			path = Main;
			sourceTree = "<group>";
		};
		9AE05F962864B4C1000D3386 /* Features */ = {
			isa = PBXGroup;
			children = (
				A0802D6D286C8469004A22CB /* FirstAidScreen */,
				A0A3368E286A175D00988028 /* HealthKit */,
				A07BB947286B696B00A3DE30 /* Onboarding */,
				EEE041D4286A8C9D00A2B04D /* ActivationViewController.swift */,
				EEE041D5286A8C9D00A2B04D /* ActivationViewController.xib */,
				EEE0420C286F28CA00A2B04D /* BacktapTutorialViewController.swift */,
				EEE0420D286F28CA00A2B04D /* BacktapTutorialViewController.xib */,
				A078FF3F286C4B6B006D686F /* ContactViewController.swift */,
				A078FF40286C4B6B006D686F /* ContactViewController.xib */,
				A04D66BE286DF36F00C43D83 /* DoneViewController.swift */,
				A04D66BF286DF36F00C43D83 /* DoneViewController.xib */,
				A09E03AF286EC0CD005391F0 /* HomeViewController.swift */,
				A09E03B0286EC0CD005391F0 /* HomeViewController.xib */,
				A078FF43286C5B75006D686F /* PersonalNotesViewController.swift */,
				A078FF44286C5B75006D686F /* PersonalNotesViewController.xib */,
				EEE041FE286D315500A2B04D /* ProfileSetupViewController.swift */,
				EEE041FF286D315500A2B04D /* ProfileSetupViewController.xib */,
				EEE04204286D3A9500A2B04D /* ResultViewController.swift */,
				9AA5476F2870B42100E3B603 /* TutorialViewController.swift */,
				EEE04209286E9BD000A2B04D /* TutorialViewController.xib */,
				9A1F8B832869F2B000F6E16C /* Views */,
			);
			path = Features;
			sourceTree = "<group>";
		};
		9AE05F972864B693000D3386 /* Frameworks */ = {
			isa = PBXGroup;
			children = (
				A0A3369C286A1DD100988028 /* HealthKit.framework */,
				9AE05F982864B693000D3386 /* CloudKit.framework */,
				EEE04206286E579A00A2B04D /* AuthenticationServices.framework */,
				E8507AACF98522BAAAAD2562 /* libPods-Helpi.a */,
			);
			name = Frameworks;
			sourceTree = "<group>";
		};
		9AE05F9A28652D22000D3386 /* Model */ = {
			isa = PBXGroup;
			children = (
				9AE05F9B28652D31000D3386 /* Variables.swift */,
				EEE04210286F3BA900A2B04D /* PlayView.swift */,
			);
			path = Model;
			sourceTree = "<group>";
		};
		A054125C2871771800529401 /* MainView */ = {
			isa = PBXGroup;
			children = (
				9AE05F902864B427000D3386 /* MainViewController.swift */,
				9AE05F912864B427000D3386 /* MainViewController.xib */,
				9A1F8B91286DCF3B00F6E16C /* AddFriendViewController.swift */,
				9A1F8B92286DCF3B00F6E16C /* AddFriendViewController.xib */,
				9A1F8B7B2869E2F600F6E16C /* HelpViewController.swift */,
				9A1F8B7C2869E2F600F6E16C /* HelpViewController.xib */,
				9A1F8B7F2869EF5000F6E16C /* AssistanceViewController.swift */,
				9A1F8B802869EF5000F6E16C /* AssistanceViewController.xib */,
				9A1F8B8D286D264F00F6E16C /* PersonalNoteViewController.swift */,
				9A1F8B8E286D264F00F6E16C /* PersonalNoteViewController.xib */,
			);
			path = MainView;
			sourceTree = "<group>";
		};
		A054125D28717A0F00529401 /* sound */ = {
			isa = PBXGroup;
			children = (
				A054125E28717A1E00529401 /* sound.wav */,
			);
			path = sound;
			sourceTree = "<group>";
		};
		A07BB947286B696B00A3DE30 /* Onboarding */ = {
			isa = PBXGroup;
			children = (
				A07BB948286B696B00A3DE30 /* OnboardingCollectionViewCell.swift */,
				A07BB949286B696B00A3DE30 /* OnboardingCollectionViewCell.xib */,
				A07BB94A286B696B00A3DE30 /* OnboardViewController.swift */,
				A07BB94C286B696B00A3DE30 /* OnboardViewController.xib */,
				A07BB94D286B696B00A3DE30 /* ModelOnboarding.swift */,
				A054125C2871771800529401 /* MainView */,
			);
			path = Onboarding;
			sourceTree = "<group>";
		};
		A0802D6D286C8469004A22CB /* FirstAidScreen */ = {
			isa = PBXGroup;
			children = (
				A0802D7E286C854F004A22CB /* FirstAidScreen.swift */,
				A0802D7F286C854F004A22CB /* FirstAidScreen.xib */,
				A0802D82286C8594004A22CB /* ModelFirstAid.swift */,
				A0802D88286C8653004A22CB /* FirstAidCollectionViewCell.swift */,
				A0802D89286C8653004A22CB /* FirstAidCollectionViewCell.xib */,
			);
			name = FirstAidScreen;
			path = ..;
			sourceTree = "<group>";
		};
		A0A3368E286A175D00988028 /* HealthKit */ = {
			isa = PBXGroup;
			children = (
				A07BB7A3286AF64C00A3DE30 /* UserHealthProfile.swift */,
				A07BB7A5286AF65B00A3DE30 /* ProfileDataSource.swift */,
				A07BB7A7286AF67200A3DE30 /* HealthKitSetupAssistant.swift */,
			);
			path = HealthKit;
			sourceTree = "<group>";
		};
/* End PBXGroup section */

/* Begin PBXNativeTarget section */
		9AE05F742864AB21000D3386 /* Helpi */ = {
			isa = PBXNativeTarget;
			buildConfigurationList = 9AE05F8C2864AB24000D3386 /* Build configuration list for PBXNativeTarget "Helpi" */;
			buildPhases = (
				BCF33A408603F1CD004B98E0 /* [CP] Check Pods Manifest.lock */,
				9AE05F712864AB21000D3386 /* Sources */,
				9AE05F722864AB21000D3386 /* Frameworks */,
				9AE05F732864AB21000D3386 /* Resources */,
			);
			buildRules = (
			);
			dependencies = (
			);
			name = Helpi;
			productName = Helpi;
			productReference = 9AE05F752864AB21000D3386 /* Helpi.app */;
			productType = "com.apple.product-type.application";
		};
/* End PBXNativeTarget section */

/* Begin PBXProject section */
		9AE05F6D2864AB21000D3386 /* Project object */ = {
			isa = PBXProject;
			attributes = {
				BuildIndependentTargetsInParallel = 1;
				LastSwiftUpdateCheck = 1340;
				LastUpgradeCheck = 1340;
				TargetAttributes = {
					9AE05F742864AB21000D3386 = {
						CreatedOnToolsVersion = 13.4.1;
					};
				};
			};
			buildConfigurationList = 9AE05F702864AB21000D3386 /* Build configuration list for PBXProject "Helpi" */;
			compatibilityVersion = "Xcode 13.0";
			developmentRegion = en;
			hasScannedForEncodings = 0;
			knownRegions = (
				en,
				Base,
			);
			mainGroup = 9AE05F6C2864AB21000D3386;
			productRefGroup = 9AE05F762864AB21000D3386 /* Products */;
			projectDirPath = "";
			projectRoot = "";
			targets = (
				9AE05F742864AB21000D3386 /* Helpi */,
			);
		};
/* End PBXProject section */

/* Begin PBXResourcesBuildPhase section */
		9AE05F732864AB21000D3386 /* Resources */ = {
			isa = PBXResourcesBuildPhase;
			buildActionMask = 2147483647;
			files = (
				A07BB951286B696B00A3DE30 /* OnboardViewController.xib in Resources */,
				9AE05F882864AB24000D3386 /* LaunchScreen.storyboard in Resources */,
				EEE0420F286F28CA00A2B04D /* BacktapTutorialViewController.xib in Resources */,
				9A1F8B7E2869E2F600F6E16C /* HelpViewController.xib in Resources */,
				A054125F28717A1E00529401 /* sound.wav in Resources */,
				9A1F8B822869EF5000F6E16C /* AssistanceViewController.xib in Resources */,
				9AE05F932864B427000D3386 /* MainViewController.xib in Resources */,
				9A1F8B94286DCF3B00F6E16C /* AddFriendViewController.xib in Resources */,
				EEE0420B286E9BD000A2B04D /* TutorialViewController.xib in Resources */,
				EEE041D7286A8C9D00A2B04D /* ActivationViewController.xib in Resources */,
				EEE04201286D315500A2B04D /* ProfileSetupViewController.xib in Resources */,
				9A1F8B90286D264F00F6E16C /* PersonalNoteViewController.xib in Resources */,
				9A1F8B9B286EA03B00F6E16C /* FriendTableViewCell.xib in Resources */,
				A07BB7C3286B622000A3DE30 /* Podfile in Resources */,
				A078FF46286C5B75006D686F /* PersonalNotesViewController.xib in Resources */,
				A04D66C1286DF36F00C43D83 /* DoneViewController.xib in Resources */,
				9AE05F852864AB24000D3386 /* Assets.xcassets in Resources */,
				A0802D8B286C8653004A22CB /* FirstAidCollectionViewCell.xib in Resources */,
				A07BB94F286B696B00A3DE30 /* OnboardingCollectionViewCell.xib in Resources */,
				A0802D81286C854F004A22CB /* FirstAidScreen.xib in Resources */,
				A078FF42286C4B6B006D686F /* ContactViewController.xib in Resources */,
				A09E03B2286EC0CD005391F0 /* HomeViewController.xib in Resources */,
			);
			runOnlyForDeploymentPostprocessing = 0;
		};
/* End PBXResourcesBuildPhase section */

/* Begin PBXShellScriptBuildPhase section */
		BCF33A408603F1CD004B98E0 /* [CP] Check Pods Manifest.lock */ = {
			isa = PBXShellScriptBuildPhase;
			buildActionMask = 2147483647;
			files = (
			);
			inputFileListPaths = (
			);
			inputPaths = (
				"${PODS_PODFILE_DIR_PATH}/Podfile.lock",
				"${PODS_ROOT}/Manifest.lock",
			);
			name = "[CP] Check Pods Manifest.lock";
			outputFileListPaths = (
			);
			outputPaths = (
				"$(DERIVED_FILE_DIR)/Pods-Helpi-checkManifestLockResult.txt",
			);
			runOnlyForDeploymentPostprocessing = 0;
			shellPath = /bin/sh;
			shellScript = "diff \"${PODS_PODFILE_DIR_PATH}/Podfile.lock\" \"${PODS_ROOT}/Manifest.lock\" > /dev/null\nif [ $? != 0 ] ; then\n    # print error to STDERR\n    echo \"error: The sandbox is not in sync with the Podfile.lock. Run 'pod install' or update your CocoaPods installation.\" >&2\n    exit 1\nfi\n# This output is used by Xcode 'outputs' to avoid re-running this script phase.\necho \"SUCCESS\" > \"${SCRIPT_OUTPUT_FILE_0}\"\n";
			showEnvVarsInLog = 0;
		};
/* End PBXShellScriptBuildPhase section */

/* Begin PBXSourcesBuildPhase section */
		9AE05F712864AB21000D3386 /* Sources */ = {
			isa = PBXSourcesBuildPhase;
			buildActionMask = 2147483647;
			files = (
				9A9120C62872EE3E005B8C0B /* String.swift in Sources */,
				EEE04200286D315500A2B04D /* ProfileSetupViewController.swift in Sources */,
				EEE041D9286A8D4200A2B04D /* Intents.intentdefinition in Sources */,
				EEE041D6286A8C9D00A2B04D /* ActivationViewController.swift in Sources */,
				EEE0420E286F28CA00A2B04D /* BacktapTutorialViewController.swift in Sources */,
				9A1F8B97286DEE4C00F6E16C /* CloudKitService.swift in Sources */,
				EEE04211286F3BA900A2B04D /* PlayView.swift in Sources */,
				9A1F8B7D2869E2F600F6E16C /* HelpViewController.swift in Sources */,
				9A1F8B8F286D264F00F6E16C /* PersonalNoteViewController.swift in Sources */,
				9A1F8B8C286D211400F6E16C /* UIViewController.swift in Sources */,
				9A1F8B852869F2CA00F6E16C /* CircularProgressBarView.swift in Sources */,
				9AA547702870B42100E3B603 /* TutorialViewController.swift in Sources */,
				9AE05F832864AB21000D3386 /* Helpi.xcdatamodeld in Sources */,
				EEE04205286D3A9500A2B04D /* ResultViewController.swift in Sources */,
				9A1F8B9A286EA03B00F6E16C /* FriendTableViewCell.swift in Sources */,
				9A1F8B93286DCF3B00F6E16C /* AddFriendViewController.swift in Sources */,
				9AA5476C2870AD6200E3B603 /* ModelOnboarding.swift in Sources */,
				9AE05F9C28652D31000D3386 /* Variables.swift in Sources */,
				EEE04203286D398700A2B04D /* KeychainItem.swift in Sources */,
				9A1F8B812869EF5000F6E16C /* AssistanceViewController.swift in Sources */,
				A09E03B1286EC0CD005391F0 /* HomeViewController.swift in Sources */,
				A078FF45286C5B75006D686F /* PersonalNotesViewController.swift in Sources */,
				A078FF41286C4B6B006D686F /* ContactViewController.swift in Sources */,
				9AE05F792864AB21000D3386 /* AppDelegate.swift in Sources */,
				A0802D83286C8594004A22CB /* ModelFirstAid.swift in Sources */,
				9AA5477228713E5000E3B603 /* SessionManager.swift in Sources */,
				A07BB7A4286AF64C00A3DE30 /* UserHealthProfile.swift in Sources */,
				A0802D8A286C8653004A22CB /* FirstAidCollectionViewCell.swift in Sources */,
				9AE05F922864B427000D3386 /* MainViewController.swift in Sources */,
				A07BB950286B696B00A3DE30 /* OnboardViewController.swift in Sources */,
				9AE05F9C28652D31000D3386 /* Variables.swift in Sources */,
				A0802D80286C854F004A22CB /* FirstAidScreen.swift in Sources */,
				A07BB7AD286AF6C800A3DE30 /* HKBloodType+StringRepresentation.swift in Sources */,
				A07BB7A8286AF67200A3DE30 /* HealthKitSetupAssistant.swift in Sources */,
				A07BB94E286B696B00A3DE30 /* OnboardingCollectionViewCell.swift in Sources */,
				A07BB7AB286AF69700A3DE30 /* HKBiologicalSex+StringRepresentation.swift in Sources */,
				A04D66C0286DF36F00C43D83 /* DoneViewController.swift in Sources */,
				A07BB7A6286AF65B00A3DE30 /* ProfileDataSource.swift in Sources */,
			);
			runOnlyForDeploymentPostprocessing = 0;
		};
/* End PBXSourcesBuildPhase section */

/* Begin PBXVariantGroup section */
		9AE05F862864AB24000D3386 /* LaunchScreen.storyboard */ = {
			isa = PBXVariantGroup;
			children = (
				9AE05F872864AB24000D3386 /* Base */,
			);
			name = LaunchScreen.storyboard;
			sourceTree = "<group>";
		};
/* End PBXVariantGroup section */

/* Begin XCBuildConfiguration section */
		9AE05F8A2864AB24000D3386 /* Debug */ = {
			isa = XCBuildConfiguration;
			buildSettings = {
				ALWAYS_SEARCH_USER_PATHS = NO;
				CLANG_ANALYZER_NONNULL = YES;
				CLANG_ANALYZER_NUMBER_OBJECT_CONVERSION = YES_AGGRESSIVE;
				CLANG_CXX_LANGUAGE_STANDARD = "gnu++17";
				CLANG_ENABLE_MODULES = YES;
				CLANG_ENABLE_OBJC_ARC = YES;
				CLANG_ENABLE_OBJC_WEAK = YES;
				CLANG_WARN_BLOCK_CAPTURE_AUTORELEASING = YES;
				CLANG_WARN_BOOL_CONVERSION = YES;
				CLANG_WARN_COMMA = YES;
				CLANG_WARN_CONSTANT_CONVERSION = YES;
				CLANG_WARN_DEPRECATED_OBJC_IMPLEMENTATIONS = YES;
				CLANG_WARN_DIRECT_OBJC_ISA_USAGE = YES_ERROR;
				CLANG_WARN_DOCUMENTATION_COMMENTS = YES;
				CLANG_WARN_EMPTY_BODY = YES;
				CLANG_WARN_ENUM_CONVERSION = YES;
				CLANG_WARN_INFINITE_RECURSION = YES;
				CLANG_WARN_INT_CONVERSION = YES;
				CLANG_WARN_NON_LITERAL_NULL_CONVERSION = YES;
				CLANG_WARN_OBJC_IMPLICIT_RETAIN_SELF = YES;
				CLANG_WARN_OBJC_LITERAL_CONVERSION = YES;
				CLANG_WARN_OBJC_ROOT_CLASS = YES_ERROR;
				CLANG_WARN_QUOTED_INCLUDE_IN_FRAMEWORK_HEADER = YES;
				CLANG_WARN_RANGE_LOOP_ANALYSIS = YES;
				CLANG_WARN_STRICT_PROTOTYPES = YES;
				CLANG_WARN_SUSPICIOUS_MOVE = YES;
				CLANG_WARN_UNGUARDED_AVAILABILITY = YES_AGGRESSIVE;
				CLANG_WARN_UNREACHABLE_CODE = YES;
				CLANG_WARN__DUPLICATE_METHOD_MATCH = YES;
				COPY_PHASE_STRIP = NO;
				DEBUG_INFORMATION_FORMAT = dwarf;
				ENABLE_STRICT_OBJC_MSGSEND = YES;
				ENABLE_TESTABILITY = YES;
				GCC_C_LANGUAGE_STANDARD = gnu11;
				GCC_DYNAMIC_NO_PIC = NO;
				GCC_NO_COMMON_BLOCKS = YES;
				GCC_OPTIMIZATION_LEVEL = 0;
				GCC_PREPROCESSOR_DEFINITIONS = (
					"DEBUG=1",
					"$(inherited)",
				);
				GCC_WARN_64_TO_32_BIT_CONVERSION = YES;
				GCC_WARN_ABOUT_RETURN_TYPE = YES_ERROR;
				GCC_WARN_UNDECLARED_SELECTOR = YES;
				GCC_WARN_UNINITIALIZED_AUTOS = YES_AGGRESSIVE;
				GCC_WARN_UNUSED_FUNCTION = YES;
				GCC_WARN_UNUSED_VARIABLE = YES;
				IPHONEOS_DEPLOYMENT_TARGET = 15.5;
				MTL_ENABLE_DEBUG_INFO = INCLUDE_SOURCE;
				MTL_FAST_MATH = YES;
				ONLY_ACTIVE_ARCH = YES;
				SDKROOT = iphoneos;
				SWIFT_ACTIVE_COMPILATION_CONDITIONS = DEBUG;
				SWIFT_OPTIMIZATION_LEVEL = "-Onone";
			};
			name = Debug;
		};
		9AE05F8B2864AB24000D3386 /* Release */ = {
			isa = XCBuildConfiguration;
			buildSettings = {
				ALWAYS_SEARCH_USER_PATHS = NO;
				CLANG_ANALYZER_NONNULL = YES;
				CLANG_ANALYZER_NUMBER_OBJECT_CONVERSION = YES_AGGRESSIVE;
				CLANG_CXX_LANGUAGE_STANDARD = "gnu++17";
				CLANG_ENABLE_MODULES = YES;
				CLANG_ENABLE_OBJC_ARC = YES;
				CLANG_ENABLE_OBJC_WEAK = YES;
				CLANG_WARN_BLOCK_CAPTURE_AUTORELEASING = YES;
				CLANG_WARN_BOOL_CONVERSION = YES;
				CLANG_WARN_COMMA = YES;
				CLANG_WARN_CONSTANT_CONVERSION = YES;
				CLANG_WARN_DEPRECATED_OBJC_IMPLEMENTATIONS = YES;
				CLANG_WARN_DIRECT_OBJC_ISA_USAGE = YES_ERROR;
				CLANG_WARN_DOCUMENTATION_COMMENTS = YES;
				CLANG_WARN_EMPTY_BODY = YES;
				CLANG_WARN_ENUM_CONVERSION = YES;
				CLANG_WARN_INFINITE_RECURSION = YES;
				CLANG_WARN_INT_CONVERSION = YES;
				CLANG_WARN_NON_LITERAL_NULL_CONVERSION = YES;
				CLANG_WARN_OBJC_IMPLICIT_RETAIN_SELF = YES;
				CLANG_WARN_OBJC_LITERAL_CONVERSION = YES;
				CLANG_WARN_OBJC_ROOT_CLASS = YES_ERROR;
				CLANG_WARN_QUOTED_INCLUDE_IN_FRAMEWORK_HEADER = YES;
				CLANG_WARN_RANGE_LOOP_ANALYSIS = YES;
				CLANG_WARN_STRICT_PROTOTYPES = YES;
				CLANG_WARN_SUSPICIOUS_MOVE = YES;
				CLANG_WARN_UNGUARDED_AVAILABILITY = YES_AGGRESSIVE;
				CLANG_WARN_UNREACHABLE_CODE = YES;
				CLANG_WARN__DUPLICATE_METHOD_MATCH = YES;
				COPY_PHASE_STRIP = NO;
				DEBUG_INFORMATION_FORMAT = "dwarf-with-dsym";
				ENABLE_NS_ASSERTIONS = NO;
				ENABLE_STRICT_OBJC_MSGSEND = YES;
				GCC_C_LANGUAGE_STANDARD = gnu11;
				GCC_NO_COMMON_BLOCKS = YES;
				GCC_WARN_64_TO_32_BIT_CONVERSION = YES;
				GCC_WARN_ABOUT_RETURN_TYPE = YES_ERROR;
				GCC_WARN_UNDECLARED_SELECTOR = YES;
				GCC_WARN_UNINITIALIZED_AUTOS = YES_AGGRESSIVE;
				GCC_WARN_UNUSED_FUNCTION = YES;
				GCC_WARN_UNUSED_VARIABLE = YES;
				IPHONEOS_DEPLOYMENT_TARGET = 15.5;
				MTL_ENABLE_DEBUG_INFO = NO;
				MTL_FAST_MATH = YES;
				SDKROOT = iphoneos;
				SWIFT_COMPILATION_MODE = wholemodule;
				SWIFT_OPTIMIZATION_LEVEL = "-O";
				VALIDATE_PRODUCT = YES;
			};
			name = Release;
		};
		9AE05F8D2864AB24000D3386 /* Debug */ = {
			isa = XCBuildConfiguration;
			baseConfigurationReference = 0B14154B70A04060AC6C4DE4 /* Pods-Helpi.debug.xcconfig */;
			buildSettings = {
				ASSETCATALOG_COMPILER_APPICON_NAME = AppIcon;
				ASSETCATALOG_COMPILER_GLOBAL_ACCENT_COLOR_NAME = AccentColor;
				CODE_SIGN_ENTITLEMENTS = Helpi/Helpi.entitlements;
				CODE_SIGN_IDENTITY = "Apple Development";
				CODE_SIGN_STYLE = Automatic;
				CURRENT_PROJECT_VERSION = 1;
				DEVELOPMENT_TEAM = 8H53AFJYM7;
				FRAMEWORK_SEARCH_PATHS = (
					"$(inherited)",
					"$(PROJECT_DIR)/build/Release-iphoneos/lottie-ios",
					"$(PROJECT_DIR)/build/Release-iphoneos",
				);
				GENERATE_INFOPLIST_FILE = YES;
				INFOPLIST_FILE = Helpi/Resources/Info.plist;
				INFOPLIST_KEY_NSHealthShareUsageDescription = "AppExamples want to acces your health data in order to analyze your health and best";
				INFOPLIST_KEY_NSHealthUpdateUsageDescription = "AppExamples want to acces your health data in order to analyze your health and best";
				INFOPLIST_KEY_UIApplicationSupportsIndirectInputEvents = YES;
				INFOPLIST_KEY_UILaunchStoryboardName = LaunchScreen;
				INFOPLIST_KEY_UISupportedInterfaceOrientations = UIInterfaceOrientationPortrait;
				INFOPLIST_KEY_UISupportedInterfaceOrientations_iPad = "UIInterfaceOrientationPortrait UIInterfaceOrientationPortraitUpsideDown UIInterfaceOrientationLandscapeLeft UIInterfaceOrientationLandscapeRight";
				INFOPLIST_KEY_UISupportedInterfaceOrientations_iPhone = "UIInterfaceOrientationPortrait UIInterfaceOrientationLandscapeLeft UIInterfaceOrientationLandscapeRight";
				INFOPLIST_KEY_UIUserInterfaceStyle = Light;
				LD_RUNPATH_SEARCH_PATHS = (
					"$(inherited)",
					"@executable_path/Frameworks",
				);
				MARKETING_VERSION = 1.0;
				PRODUCT_BUNDLE_IDENTIFIER = com.mc2.Helpi;
				PRODUCT_NAME = "$(TARGET_NAME)";
				PROVISIONING_PROFILE_SPECIFIER = "";
				SWIFT_EMIT_LOC_STRINGS = YES;
				SWIFT_VERSION = 5.0;
				TARGETED_DEVICE_FAMILY = 1;
			};
			name = Debug;
		};
		9AE05F8E2864AB24000D3386 /* Release */ = {
			isa = XCBuildConfiguration;
			baseConfigurationReference = A38C454D9E81CC18B52A5DC2 /* Pods-Helpi.release.xcconfig */;
			buildSettings = {
				ASSETCATALOG_COMPILER_APPICON_NAME = AppIcon;
				ASSETCATALOG_COMPILER_GLOBAL_ACCENT_COLOR_NAME = AccentColor;
				CODE_SIGN_ENTITLEMENTS = Helpi/Helpi.entitlements;
				CODE_SIGN_IDENTITY = "Apple Development";
				CODE_SIGN_STYLE = Automatic;
				CURRENT_PROJECT_VERSION = 1;
				DEVELOPMENT_TEAM = 8H53AFJYM7;
				FRAMEWORK_SEARCH_PATHS = (
					"$(inherited)",
					"$(PROJECT_DIR)/build/Release-iphoneos/lottie-ios",
					"$(PROJECT_DIR)/build/Release-iphoneos",
				);
				GENERATE_INFOPLIST_FILE = YES;
				INFOPLIST_FILE = Helpi/Resources/Info.plist;
				INFOPLIST_KEY_NSHealthShareUsageDescription = "AppExamples want to acces your health data in order to analyze your health and best";
				INFOPLIST_KEY_NSHealthUpdateUsageDescription = "AppExamples want to acces your health data in order to analyze your health and best";
				INFOPLIST_KEY_UIApplicationSupportsIndirectInputEvents = YES;
				INFOPLIST_KEY_UILaunchStoryboardName = LaunchScreen;
				INFOPLIST_KEY_UISupportedInterfaceOrientations = UIInterfaceOrientationPortrait;
				INFOPLIST_KEY_UISupportedInterfaceOrientations_iPad = "UIInterfaceOrientationPortrait UIInterfaceOrientationPortraitUpsideDown UIInterfaceOrientationLandscapeLeft UIInterfaceOrientationLandscapeRight";
				INFOPLIST_KEY_UISupportedInterfaceOrientations_iPhone = "UIInterfaceOrientationPortrait UIInterfaceOrientationLandscapeLeft UIInterfaceOrientationLandscapeRight";
				INFOPLIST_KEY_UIUserInterfaceStyle = Light;
				LD_RUNPATH_SEARCH_PATHS = (
					"$(inherited)",
					"@executable_path/Frameworks",
				);
				MARKETING_VERSION = 1.0;
				PRODUCT_BUNDLE_IDENTIFIER = com.mc2.Helpi;
				PRODUCT_NAME = "$(TARGET_NAME)";
				PROVISIONING_PROFILE_SPECIFIER = "";
				SWIFT_EMIT_LOC_STRINGS = YES;
				SWIFT_VERSION = 5.0;
				TARGETED_DEVICE_FAMILY = 1;
			};
			name = Release;
		};
/* End XCBuildConfiguration section */

/* Begin XCConfigurationList section */
		9AE05F702864AB21000D3386 /* Build configuration list for PBXProject "Helpi" */ = {
			isa = XCConfigurationList;
			buildConfigurations = (
				9AE05F8A2864AB24000D3386 /* Debug */,
				9AE05F8B2864AB24000D3386 /* Release */,
			);
			defaultConfigurationIsVisible = 0;
			defaultConfigurationName = Release;
		};
		9AE05F8C2864AB24000D3386 /* Build configuration list for PBXNativeTarget "Helpi" */ = {
			isa = XCConfigurationList;
			buildConfigurations = (
				9AE05F8D2864AB24000D3386 /* Debug */,
				9AE05F8E2864AB24000D3386 /* Release */,
			);
			defaultConfigurationIsVisible = 0;
			defaultConfigurationName = Release;
		};
/* End XCConfigurationList section */

/* Begin XCVersionGroup section */
		9AE05F812864AB21000D3386 /* Helpi.xcdatamodeld */ = {
			isa = XCVersionGroup;
			children = (
				9AE05F822864AB21000D3386 /* Helpi.xcdatamodel */,
			);
			currentVersion = 9AE05F822864AB21000D3386 /* Helpi.xcdatamodel */;
			path = Helpi.xcdatamodeld;
			sourceTree = "<group>";
			versionGroupType = wrapper.xcdatamodel;
		};
/* End XCVersionGroup section */
	};
	rootObject = 9AE05F6D2864AB21000D3386 /* Project object */;
}
