// !$*UTF8*$!
{
	archiveVersion = 1;
	classes = {
	};
	objectVersion = 55;
	objects = {

/* Begin PBXBuildFile section */
		9A1F8B6D2868AAD500F6E16C /* OnboardViewController.swift in Sources */ = {isa = PBXBuildFile; fileRef = 9A1F8B6B2868AAD400F6E16C /* OnboardViewController.swift */; };
		9A1F8B6E2868AAD500F6E16C /* OnboardViewController.xib in Resources */ = {isa = PBXBuildFile; fileRef = 9A1F8B6C2868AAD400F6E16C /* OnboardViewController.xib */; };
		9AE05F792864AB21000D3386 /* AppDelegate.swift in Sources */ = {isa = PBXBuildFile; fileRef = 9AE05F782864AB21000D3386 /* AppDelegate.swift */; };
		9AE05F832864AB21000D3386 /* Helpi.xcdatamodeld in Sources */ = {isa = PBXBuildFile; fileRef = 9AE05F812864AB21000D3386 /* Helpi.xcdatamodeld */; };
		9AE05F852864AB24000D3386 /* Assets.xcassets in Resources */ = {isa = PBXBuildFile; fileRef = 9AE05F842864AB24000D3386 /* Assets.xcassets */; };
		9AE05F882864AB24000D3386 /* LaunchScreen.storyboard in Resources */ = {isa = PBXBuildFile; fileRef = 9AE05F862864AB24000D3386 /* LaunchScreen.storyboard */; };
		9AE05F922864B427000D3386 /* MainViewController.swift in Sources */ = {isa = PBXBuildFile; fileRef = 9AE05F902864B427000D3386 /* MainViewController.swift */; };
		9AE05F932864B427000D3386 /* MainViewController.xib in Resources */ = {isa = PBXBuildFile; fileRef = 9AE05F912864B427000D3386 /* MainViewController.xib */; };
		9AE05F992864B693000D3386 /* CloudKit.framework in Frameworks */ = {isa = PBXBuildFile; fileRef = 9AE05F982864B693000D3386 /* CloudKit.framework */; };
		9AE05F9C28652D31000D3386 /* Variables.swift in Sources */ = {isa = PBXBuildFile; fileRef = 9AE05F9B28652D31000D3386 /* Variables.swift */; };
		EEE041D6286A8C9D00A2B04D /* ActivationViewController.swift in Sources */ = {isa = PBXBuildFile; fileRef = EEE041D4286A8C9D00A2B04D /* ActivationViewController.swift */; };
		EEE041D7286A8C9D00A2B04D /* ActivationViewController.xib in Resources */ = {isa = PBXBuildFile; fileRef = EEE041D5286A8C9D00A2B04D /* ActivationViewController.xib */; };
		EEE041D9286A8D4200A2B04D /* Intents.intentdefinition in Sources */ = {isa = PBXBuildFile; fileRef = EEE041D8286A8D4200A2B04D /* Intents.intentdefinition */; };
		EEE04200286D315500A2B04D /* ProfileSetupViewController.swift in Sources */ = {isa = PBXBuildFile; fileRef = EEE041FE286D315500A2B04D /* ProfileSetupViewController.swift */; };
		EEE04201286D315500A2B04D /* ProfileSetupViewController.xib in Resources */ = {isa = PBXBuildFile; fileRef = EEE041FF286D315500A2B04D /* ProfileSetupViewController.xib */; };
		EEE04203286D398700A2B04D /* KeychainItem.swift in Sources */ = {isa = PBXBuildFile; fileRef = EEE04202286D398700A2B04D /* KeychainItem.swift */; };
		EEE04205286D3A9500A2B04D /* ResultViewController.swift in Sources */ = {isa = PBXBuildFile; fileRef = EEE04204286D3A9500A2B04D /* ResultViewController.swift */; };
		EEE04207286E585F00A2B04D /* AuthenticationServices.framework in Frameworks */ = {isa = PBXBuildFile; fileRef = EEE04206286E579A00A2B04D /* AuthenticationServices.framework */; };
		EEE0420A286E9BD000A2B04D /* TutorialViewController.swift in Sources */ = {isa = PBXBuildFile; fileRef = EEE04208286E9BD000A2B04D /* TutorialViewController.swift */; };
		EEE0420B286E9BD000A2B04D /* TutorialViewController.xib in Resources */ = {isa = PBXBuildFile; fileRef = EEE04209286E9BD000A2B04D /* TutorialViewController.xib */; };
		EEE0420E286F28CA00A2B04D /* BacktapTutorialViewController.swift in Sources */ = {isa = PBXBuildFile; fileRef = EEE0420C286F28CA00A2B04D /* BacktapTutorialViewController.swift */; };
		EEE0420F286F28CA00A2B04D /* BacktapTutorialViewController.xib in Resources */ = {isa = PBXBuildFile; fileRef = EEE0420D286F28CA00A2B04D /* BacktapTutorialViewController.xib */; };
		EEE04211286F3BA900A2B04D /* PlayView.swift in Sources */ = {isa = PBXBuildFile; fileRef = EEE04210286F3BA900A2B04D /* PlayView.swift */; };
/* End PBXBuildFile section */

/* Begin PBXFileReference section */
		9A1F8B6B2868AAD400F6E16C /* OnboardViewController.swift */ = {isa = PBXFileReference; lastKnownFileType = sourcecode.swift; path = OnboardViewController.swift; sourceTree = "<group>"; };
		9A1F8B6C2868AAD400F6E16C /* OnboardViewController.xib */ = {isa = PBXFileReference; lastKnownFileType = file.xib; path = OnboardViewController.xib; sourceTree = "<group>"; };
		9AE05F752864AB21000D3386 /* Helpi.app */ = {isa = PBXFileReference; explicitFileType = wrapper.application; includeInIndex = 0; path = Helpi.app; sourceTree = BUILT_PRODUCTS_DIR; };
		9AE05F782864AB21000D3386 /* AppDelegate.swift */ = {isa = PBXFileReference; lastKnownFileType = sourcecode.swift; path = AppDelegate.swift; sourceTree = "<group>"; };
		9AE05F822864AB21000D3386 /* Helpi.xcdatamodel */ = {isa = PBXFileReference; lastKnownFileType = wrapper.xcdatamodel; path = Helpi.xcdatamodel; sourceTree = "<group>"; };
		9AE05F842864AB24000D3386 /* Assets.xcassets */ = {isa = PBXFileReference; lastKnownFileType = folder.assetcatalog; path = Assets.xcassets; sourceTree = "<group>"; };
		9AE05F872864AB24000D3386 /* Base */ = {isa = PBXFileReference; lastKnownFileType = file.storyboard; name = Base; path = Base.lproj/LaunchScreen.storyboard; sourceTree = "<group>"; };
		9AE05F892864AB24000D3386 /* Info.plist */ = {isa = PBXFileReference; lastKnownFileType = text.plist.xml; path = Info.plist; sourceTree = "<group>"; };
		9AE05F8F2864AB58000D3386 /* Helpi.entitlements */ = {isa = PBXFileReference; lastKnownFileType = text.plist.entitlements; path = Helpi.entitlements; sourceTree = "<group>"; };
		9AE05F902864B427000D3386 /* MainViewController.swift */ = {isa = PBXFileReference; lastKnownFileType = sourcecode.swift; path = MainViewController.swift; sourceTree = "<group>"; };
		9AE05F912864B427000D3386 /* MainViewController.xib */ = {isa = PBXFileReference; lastKnownFileType = file.xib; path = MainViewController.xib; sourceTree = "<group>"; };
		9AE05F982864B693000D3386 /* CloudKit.framework */ = {isa = PBXFileReference; lastKnownFileType = wrapper.framework; name = CloudKit.framework; path = System/Library/Frameworks/CloudKit.framework; sourceTree = SDKROOT; };
		9AE05F9B28652D31000D3386 /* Variables.swift */ = {isa = PBXFileReference; lastKnownFileType = sourcecode.swift; path = Variables.swift; sourceTree = "<group>"; };
		EEE041D4286A8C9D00A2B04D /* ActivationViewController.swift */ = {isa = PBXFileReference; lastKnownFileType = sourcecode.swift; path = ActivationViewController.swift; sourceTree = "<group>"; };
		EEE041D5286A8C9D00A2B04D /* ActivationViewController.xib */ = {isa = PBXFileReference; lastKnownFileType = file.xib; path = ActivationViewController.xib; sourceTree = "<group>"; };
		EEE041D8286A8D4200A2B04D /* Intents.intentdefinition */ = {isa = PBXFileReference; lastKnownFileType = file.intentdefinition; path = Intents.intentdefinition; sourceTree = "<group>"; };
		EEE041FE286D315500A2B04D /* ProfileSetupViewController.swift */ = {isa = PBXFileReference; lastKnownFileType = sourcecode.swift; path = ProfileSetupViewController.swift; sourceTree = "<group>"; };
		EEE041FF286D315500A2B04D /* ProfileSetupViewController.xib */ = {isa = PBXFileReference; lastKnownFileType = file.xib; path = ProfileSetupViewController.xib; sourceTree = "<group>"; };
		EEE04202286D398700A2B04D /* KeychainItem.swift */ = {isa = PBXFileReference; lastKnownFileType = sourcecode.swift; path = KeychainItem.swift; sourceTree = "<group>"; };
		EEE04204286D3A9500A2B04D /* ResultViewController.swift */ = {isa = PBXFileReference; lastKnownFileType = sourcecode.swift; path = ResultViewController.swift; sourceTree = "<group>"; };
		EEE04206286E579A00A2B04D /* AuthenticationServices.framework */ = {isa = PBXFileReference; lastKnownFileType = wrapper.framework; name = AuthenticationServices.framework; path = System/Library/Frameworks/AuthenticationServices.framework; sourceTree = SDKROOT; };
		EEE04208286E9BD000A2B04D /* TutorialViewController.swift */ = {isa = PBXFileReference; lastKnownFileType = sourcecode.swift; path = TutorialViewController.swift; sourceTree = "<group>"; };
		EEE04209286E9BD000A2B04D /* TutorialViewController.xib */ = {isa = PBXFileReference; lastKnownFileType = file.xib; path = TutorialViewController.xib; sourceTree = "<group>"; };
		EEE0420C286F28CA00A2B04D /* BacktapTutorialViewController.swift */ = {isa = PBXFileReference; lastKnownFileType = sourcecode.swift; path = BacktapTutorialViewController.swift; sourceTree = "<group>"; };
		EEE0420D286F28CA00A2B04D /* BacktapTutorialViewController.xib */ = {isa = PBXFileReference; lastKnownFileType = file.xib; path = BacktapTutorialViewController.xib; sourceTree = "<group>"; };
		EEE04210286F3BA900A2B04D /* PlayView.swift */ = {isa = PBXFileReference; lastKnownFileType = sourcecode.swift; path = PlayView.swift; sourceTree = "<group>"; };
/* End PBXFileReference section */

/* Begin PBXFrameworksBuildPhase section */
		9AE05F722864AB21000D3386 /* Frameworks */ = {
			isa = PBXFrameworksBuildPhase;
			buildActionMask = 2147483647;
			files = (
				EEE04207286E585F00A2B04D /* AuthenticationServices.framework in Frameworks */,
				9AE05F992864B693000D3386 /* CloudKit.framework in Frameworks */,
			);
			runOnlyForDeploymentPostprocessing = 0;
		};
/* End PBXFrameworksBuildPhase section */

/* Begin PBXGroup section */
		9AE05F6C2864AB21000D3386 = {
			isa = PBXGroup;
			children = (
				9AE05F772864AB21000D3386 /* Helpi */,
				9AE05F762864AB21000D3386 /* Products */,
				9AE05F972864B693000D3386 /* Frameworks */,
			);
			sourceTree = "<group>";
		};
		9AE05F762864AB21000D3386 /* Products */ = {
			isa = PBXGroup;
			children = (
				9AE05F752864AB21000D3386 /* Helpi.app */,
			);
			name = Products;
			sourceTree = "<group>";
		};
		9AE05F772864AB21000D3386 /* Helpi */ = {
			isa = PBXGroup;
			children = (
				9AE05F9A28652D22000D3386 /* Model */,
				9AE05F962864B4C1000D3386 /* Features */,
				9AE05F8F2864AB58000D3386 /* Helpi.entitlements */,
				9AE05F812864AB21000D3386 /* Helpi.xcdatamodeld */,
				9AE05F952864B484000D3386 /* Main */,
				9AE05F942864B470000D3386 /* Resources */,
			);
			path = Helpi;
			sourceTree = "<group>";
		};
		9AE05F942864B470000D3386 /* Resources */ = {
			isa = PBXGroup;
			children = (
				9AE05F842864AB24000D3386 /* Assets.xcassets */,
				9AE05F892864AB24000D3386 /* Info.plist */,
				EEE041D8286A8D4200A2B04D /* Intents.intentdefinition */,
				EEE04202286D398700A2B04D /* KeychainItem.swift */,
			);
			path = Resources;
			sourceTree = "<group>";
		};
		9AE05F952864B484000D3386 /* Main */ = {
			isa = PBXGroup;
			children = (
				9AE05F862864AB24000D3386 /* LaunchScreen.storyboard */,
				9AE05F782864AB21000D3386 /* AppDelegate.swift */,
			);
			path = Main;
			sourceTree = "<group>";
		};
		9AE05F962864B4C1000D3386 /* Features */ = {
			isa = PBXGroup;
			children = (
				9AE05F902864B427000D3386 /* MainViewController.swift */,
				9AE05F912864B427000D3386 /* MainViewController.xib */,
				9A1F8B6B2868AAD400F6E16C /* OnboardViewController.swift */,
				9A1F8B6C2868AAD400F6E16C /* OnboardViewController.xib */,
				EEE041D4286A8C9D00A2B04D /* ActivationViewController.swift */,
				EEE041D5286A8C9D00A2B04D /* ActivationViewController.xib */,
				EEE041FE286D315500A2B04D /* ProfileSetupViewController.swift */,
				EEE041FF286D315500A2B04D /* ProfileSetupViewController.xib */,
				EEE04204286D3A9500A2B04D /* ResultViewController.swift */,
				EEE04208286E9BD000A2B04D /* TutorialViewController.swift */,
				EEE04209286E9BD000A2B04D /* TutorialViewController.xib */,
				EEE0420C286F28CA00A2B04D /* BacktapTutorialViewController.swift */,
				EEE0420D286F28CA00A2B04D /* BacktapTutorialViewController.xib */,
			);
			path = Features;
			sourceTree = "<group>";
		};
		9AE05F972864B693000D3386 /* Frameworks */ = {
			isa = PBXGroup;
			children = (
				9AE05F982864B693000D3386 /* CloudKit.framework */,
				EEE04206286E579A00A2B04D /* AuthenticationServices.framework */,
			);
			name = Frameworks;
			sourceTree = "<group>";
		};
		9AE05F9A28652D22000D3386 /* Model */ = {
			isa = PBXGroup;
			children = (
				9AE05F9B28652D31000D3386 /* Variables.swift */,
				EEE04210286F3BA900A2B04D /* PlayView.swift */,
			);
			path = Model;
			sourceTree = "<group>";
		};
/* End PBXGroup section */

/* Begin PBXNativeTarget section */
		9AE05F742864AB21000D3386 /* Helpi */ = {
			isa = PBXNativeTarget;
			buildConfigurationList = 9AE05F8C2864AB24000D3386 /* Build configuration list for PBXNativeTarget "Helpi" */;
			buildPhases = (
				9AE05F712864AB21000D3386 /* Sources */,
				9AE05F722864AB21000D3386 /* Frameworks */,
				9AE05F732864AB21000D3386 /* Resources */,
			);
			buildRules = (
			);
			dependencies = (
			);
			name = Helpi;
			productName = Helpi;
			productReference = 9AE05F752864AB21000D3386 /* Helpi.app */;
			productType = "com.apple.product-type.application";
		};
/* End PBXNativeTarget section */

/* Begin PBXProject section */
		9AE05F6D2864AB21000D3386 /* Project object */ = {
			isa = PBXProject;
			attributes = {
				BuildIndependentTargetsInParallel = 1;
				LastSwiftUpdateCheck = 1340;
				LastUpgradeCheck = 1340;
				TargetAttributes = {
					9AE05F742864AB21000D3386 = {
						CreatedOnToolsVersion = 13.4.1;
					};
				};
			};
			buildConfigurationList = 9AE05F702864AB21000D3386 /* Build configuration list for PBXProject "Helpi" */;
			compatibilityVersion = "Xcode 13.0";
			developmentRegion = en;
			hasScannedForEncodings = 0;
			knownRegions = (
				en,
				Base,
			);
			mainGroup = 9AE05F6C2864AB21000D3386;
			productRefGroup = 9AE05F762864AB21000D3386 /* Products */;
			projectDirPath = "";
			projectRoot = "";
			targets = (
				9AE05F742864AB21000D3386 /* Helpi */,
			);
		};
/* End PBXProject section */

/* Begin PBXResourcesBuildPhase section */
		9AE05F732864AB21000D3386 /* Resources */ = {
			isa = PBXResourcesBuildPhase;
			buildActionMask = 2147483647;
			files = (
				9AE05F882864AB24000D3386 /* LaunchScreen.storyboard in Resources */,
				EEE0420F286F28CA00A2B04D /* BacktapTutorialViewController.xib in Resources */,
				9AE05F932864B427000D3386 /* MainViewController.xib in Resources */,
				9A1F8B6E2868AAD500F6E16C /* OnboardViewController.xib in Resources */,
				EEE0420B286E9BD000A2B04D /* TutorialViewController.xib in Resources */,
				EEE041D7286A8C9D00A2B04D /* ActivationViewController.xib in Resources */,
				EEE04201286D315500A2B04D /* ProfileSetupViewController.xib in Resources */,
				9AE05F852864AB24000D3386 /* Assets.xcassets in Resources */,
			);
			runOnlyForDeploymentPostprocessing = 0;
		};
/* End PBXResourcesBuildPhase section */

/* Begin PBXSourcesBuildPhase section */
		9AE05F712864AB21000D3386 /* Sources */ = {
			isa = PBXSourcesBuildPhase;
			buildActionMask = 2147483647;
			files = (
				EEE04200286D315500A2B04D /* ProfileSetupViewController.swift in Sources */,
				EEE041D9286A8D4200A2B04D /* Intents.intentdefinition in Sources */,
				EEE041D6286A8C9D00A2B04D /* ActivationViewController.swift in Sources */,
				EEE0420E286F28CA00A2B04D /* BacktapTutorialViewController.swift in Sources */,
				9A1F8B6D2868AAD500F6E16C /* OnboardViewController.swift in Sources */,
				EEE04211286F3BA900A2B04D /* PlayView.swift in Sources */,
				9AE05F832864AB21000D3386 /* Helpi.xcdatamodeld in Sources */,
				EEE04205286D3A9500A2B04D /* ResultViewController.swift in Sources */,
				9AE05F792864AB21000D3386 /* AppDelegate.swift in Sources */,
				9AE05F922864B427000D3386 /* MainViewController.swift in Sources */,
				9AE05F9C28652D31000D3386 /* Variables.swift in Sources */,
				EEE0420A286E9BD000A2B04D /* TutorialViewController.swift in Sources */,
				EEE04203286D398700A2B04D /* KeychainItem.swift in Sources */,
			);
			runOnlyForDeploymentPostprocessing = 0;
		};
/* End PBXSourcesBuildPhase section */

/* Begin PBXVariantGroup section */
		9AE05F862864AB24000D3386 /* LaunchScreen.storyboard */ = {
			isa = PBXVariantGroup;
			children = (
				9AE05F872864AB24000D3386 /* Base */,
			);
			name = LaunchScreen.storyboard;
			sourceTree = "<group>";
		};
/* End PBXVariantGroup section */

/* Begin XCBuildConfiguration section */
		9AE05F8A2864AB24000D3386 /* Debug */ = {
			isa = XCBuildConfiguration;
			buildSettings = {
				ALWAYS_SEARCH_USER_PATHS = NO;
				CLANG_ANALYZER_NONNULL = YES;
				CLANG_ANALYZER_NUMBER_OBJECT_CONVERSION = YES_AGGRESSIVE;
				CLANG_CXX_LANGUAGE_STANDARD = "gnu++17";
				CLANG_ENABLE_MODULES = YES;
				CLANG_ENABLE_OBJC_ARC = YES;
				CLANG_ENABLE_OBJC_WEAK = YES;
				CLANG_WARN_BLOCK_CAPTURE_AUTORELEASING = YES;
				CLANG_WARN_BOOL_CONVERSION = YES;
				CLANG_WARN_COMMA = YES;
				CLANG_WARN_CONSTANT_CONVERSION = YES;
				CLANG_WARN_DEPRECATED_OBJC_IMPLEMENTATIONS = YES;
				CLANG_WARN_DIRECT_OBJC_ISA_USAGE = YES_ERROR;
				CLANG_WARN_DOCUMENTATION_COMMENTS = YES;
				CLANG_WARN_EMPTY_BODY = YES;
				CLANG_WARN_ENUM_CONVERSION = YES;
				CLANG_WARN_INFINITE_RECURSION = YES;
				CLANG_WARN_INT_CONVERSION = YES;
				CLANG_WARN_NON_LITERAL_NULL_CONVERSION = YES;
				CLANG_WARN_OBJC_IMPLICIT_RETAIN_SELF = YES;
				CLANG_WARN_OBJC_LITERAL_CONVERSION = YES;
				CLANG_WARN_OBJC_ROOT_CLASS = YES_ERROR;
				CLANG_WARN_QUOTED_INCLUDE_IN_FRAMEWORK_HEADER = YES;
				CLANG_WARN_RANGE_LOOP_ANALYSIS = YES;
				CLANG_WARN_STRICT_PROTOTYPES = YES;
				CLANG_WARN_SUSPICIOUS_MOVE = YES;
				CLANG_WARN_UNGUARDED_AVAILABILITY = YES_AGGRESSIVE;
				CLANG_WARN_UNREACHABLE_CODE = YES;
				CLANG_WARN__DUPLICATE_METHOD_MATCH = YES;
				COPY_PHASE_STRIP = NO;
				DEBUG_INFORMATION_FORMAT = dwarf;
				ENABLE_STRICT_OBJC_MSGSEND = YES;
				ENABLE_TESTABILITY = YES;
				GCC_C_LANGUAGE_STANDARD = gnu11;
				GCC_DYNAMIC_NO_PIC = NO;
				GCC_NO_COMMON_BLOCKS = YES;
				GCC_OPTIMIZATION_LEVEL = 0;
				GCC_PREPROCESSOR_DEFINITIONS = (
					"DEBUG=1",
					"$(inherited)",
				);
				GCC_WARN_64_TO_32_BIT_CONVERSION = YES;
				GCC_WARN_ABOUT_RETURN_TYPE = YES_ERROR;
				GCC_WARN_UNDECLARED_SELECTOR = YES;
				GCC_WARN_UNINITIALIZED_AUTOS = YES_AGGRESSIVE;
				GCC_WARN_UNUSED_FUNCTION = YES;
				GCC_WARN_UNUSED_VARIABLE = YES;
				IPHONEOS_DEPLOYMENT_TARGET = 15.5;
				MTL_ENABLE_DEBUG_INFO = INCLUDE_SOURCE;
				MTL_FAST_MATH = YES;
				ONLY_ACTIVE_ARCH = YES;
				SDKROOT = iphoneos;
				SWIFT_ACTIVE_COMPILATION_CONDITIONS = DEBUG;
				SWIFT_OPTIMIZATION_LEVEL = "-Onone";
			};
			name = Debug;
		};
		9AE05F8B2864AB24000D3386 /* Release */ = {
			isa = XCBuildConfiguration;
			buildSettings = {
				ALWAYS_SEARCH_USER_PATHS = NO;
				CLANG_ANALYZER_NONNULL = YES;
				CLANG_ANALYZER_NUMBER_OBJECT_CONVERSION = YES_AGGRESSIVE;
				CLANG_CXX_LANGUAGE_STANDARD = "gnu++17";
				CLANG_ENABLE_MODULES = YES;
				CLANG_ENABLE_OBJC_ARC = YES;
				CLANG_ENABLE_OBJC_WEAK = YES;
				CLANG_WARN_BLOCK_CAPTURE_AUTORELEASING = YES;
				CLANG_WARN_BOOL_CONVERSION = YES;
				CLANG_WARN_COMMA = YES;
				CLANG_WARN_CONSTANT_CONVERSION = YES;
				CLANG_WARN_DEPRECATED_OBJC_IMPLEMENTATIONS = YES;
				CLANG_WARN_DIRECT_OBJC_ISA_USAGE = YES_ERROR;
				CLANG_WARN_DOCUMENTATION_COMMENTS = YES;
				CLANG_WARN_EMPTY_BODY = YES;
				CLANG_WARN_ENUM_CONVERSION = YES;
				CLANG_WARN_INFINITE_RECURSION = YES;
				CLANG_WARN_INT_CONVERSION = YES;
				CLANG_WARN_NON_LITERAL_NULL_CONVERSION = YES;
				CLANG_WARN_OBJC_IMPLICIT_RETAIN_SELF = YES;
				CLANG_WARN_OBJC_LITERAL_CONVERSION = YES;
				CLANG_WARN_OBJC_ROOT_CLASS = YES_ERROR;
				CLANG_WARN_QUOTED_INCLUDE_IN_FRAMEWORK_HEADER = YES;
				CLANG_WARN_RANGE_LOOP_ANALYSIS = YES;
				CLANG_WARN_STRICT_PROTOTYPES = YES;
				CLANG_WARN_SUSPICIOUS_MOVE = YES;
				CLANG_WARN_UNGUARDED_AVAILABILITY = YES_AGGRESSIVE;
				CLANG_WARN_UNREACHABLE_CODE = YES;
				CLANG_WARN__DUPLICATE_METHOD_MATCH = YES;
				COPY_PHASE_STRIP = NO;
				DEBUG_INFORMATION_FORMAT = "dwarf-with-dsym";
				ENABLE_NS_ASSERTIONS = NO;
				ENABLE_STRICT_OBJC_MSGSEND = YES;
				GCC_C_LANGUAGE_STANDARD = gnu11;
				GCC_NO_COMMON_BLOCKS = YES;
				GCC_WARN_64_TO_32_BIT_CONVERSION = YES;
				GCC_WARN_ABOUT_RETURN_TYPE = YES_ERROR;
				GCC_WARN_UNDECLARED_SELECTOR = YES;
				GCC_WARN_UNINITIALIZED_AUTOS = YES_AGGRESSIVE;
				GCC_WARN_UNUSED_FUNCTION = YES;
				GCC_WARN_UNUSED_VARIABLE = YES;
				IPHONEOS_DEPLOYMENT_TARGET = 15.5;
				MTL_ENABLE_DEBUG_INFO = NO;
				MTL_FAST_MATH = YES;
				SDKROOT = iphoneos;
				SWIFT_COMPILATION_MODE = wholemodule;
				SWIFT_OPTIMIZATION_LEVEL = "-O";
				VALIDATE_PRODUCT = YES;
			};
			name = Release;
		};
		9AE05F8D2864AB24000D3386 /* Debug */ = {
			isa = XCBuildConfiguration;
			buildSettings = {
				ASSETCATALOG_COMPILER_APPICON_NAME = AppIcon;
				ASSETCATALOG_COMPILER_GLOBAL_ACCENT_COLOR_NAME = AccentColor;
				CODE_SIGN_ENTITLEMENTS = Helpi/Helpi.entitlements;
				CODE_SIGN_IDENTITY = "iPhone Developer";
				CODE_SIGN_STYLE = Manual;
				CURRENT_PROJECT_VERSION = 1;
				DEVELOPMENT_TEAM = 8H53AFJYM7;
				GENERATE_INFOPLIST_FILE = YES;
				INFOPLIST_FILE = Helpi/Resources/Info.plist;
				INFOPLIST_KEY_UIApplicationSupportsIndirectInputEvents = YES;
				INFOPLIST_KEY_UILaunchStoryboardName = LaunchScreen;
				INFOPLIST_KEY_UISupportedInterfaceOrientations = UIInterfaceOrientationPortrait;
				INFOPLIST_KEY_UISupportedInterfaceOrientations_iPad = "UIInterfaceOrientationPortrait UIInterfaceOrientationPortraitUpsideDown UIInterfaceOrientationLandscapeLeft UIInterfaceOrientationLandscapeRight";
				INFOPLIST_KEY_UISupportedInterfaceOrientations_iPhone = "UIInterfaceOrientationPortrait UIInterfaceOrientationLandscapeLeft UIInterfaceOrientationLandscapeRight";
				LD_RUNPATH_SEARCH_PATHS = (
					"$(inherited)",
					"@executable_path/Frameworks",
				);
				MARKETING_VERSION = 1.0;
				PRODUCT_BUNDLE_IDENTIFIER = com.mc2.Helpi;
				PRODUCT_NAME = "$(TARGET_NAME)";
				PROVISIONING_PROFILE_SPECIFIER = "Helpi App";
				SWIFT_EMIT_LOC_STRINGS = YES;
				SWIFT_VERSION = 5.0;
				TARGETED_DEVICE_FAMILY = 1;
			};
			name = Debug;
		};
		9AE05F8E2864AB24000D3386 /* Release */ = {
			isa = XCBuildConfiguration;
			buildSettings = {
				ASSETCATALOG_COMPILER_APPICON_NAME = AppIcon;
				ASSETCATALOG_COMPILER_GLOBAL_ACCENT_COLOR_NAME = AccentColor;
				CODE_SIGN_ENTITLEMENTS = Helpi/Helpi.entitlements;
				CODE_SIGN_IDENTITY = "iPhone Developer";
				CODE_SIGN_STYLE = Manual;
				CURRENT_PROJECT_VERSION = 1;
				DEVELOPMENT_TEAM = 8H53AFJYM7;
				GENERATE_INFOPLIST_FILE = YES;
				INFOPLIST_FILE = Helpi/Resources/Info.plist;
				INFOPLIST_KEY_UIApplicationSupportsIndirectInputEvents = YES;
				INFOPLIST_KEY_UILaunchStoryboardName = LaunchScreen;
				INFOPLIST_KEY_UISupportedInterfaceOrientations = UIInterfaceOrientationPortrait;
				INFOPLIST_KEY_UISupportedInterfaceOrientations_iPad = "UIInterfaceOrientationPortrait UIInterfaceOrientationPortraitUpsideDown UIInterfaceOrientationLandscapeLeft UIInterfaceOrientationLandscapeRight";
				INFOPLIST_KEY_UISupportedInterfaceOrientations_iPhone = "UIInterfaceOrientationPortrait UIInterfaceOrientationLandscapeLeft UIInterfaceOrientationLandscapeRight";
				LD_RUNPATH_SEARCH_PATHS = (
					"$(inherited)",
					"@executable_path/Frameworks",
				);
				MARKETING_VERSION = 1.0;
				PRODUCT_BUNDLE_IDENTIFIER = com.mc2.Helpi;
				PRODUCT_NAME = "$(TARGET_NAME)";
				PROVISIONING_PROFILE_SPECIFIER = "Helpi App";
				SWIFT_EMIT_LOC_STRINGS = YES;
				SWIFT_VERSION = 5.0;
				TARGETED_DEVICE_FAMILY = 1;
			};
			name = Release;
		};
/* End XCBuildConfiguration section */

/* Begin XCConfigurationList section */
		9AE05F702864AB21000D3386 /* Build configuration list for PBXProject "Helpi" */ = {
			isa = XCConfigurationList;
			buildConfigurations = (
				9AE05F8A2864AB24000D3386 /* Debug */,
				9AE05F8B2864AB24000D3386 /* Release */,
			);
			defaultConfigurationIsVisible = 0;
			defaultConfigurationName = Release;
		};
		9AE05F8C2864AB24000D3386 /* Build configuration list for PBXNativeTarget "Helpi" */ = {
			isa = XCConfigurationList;
			buildConfigurations = (
				9AE05F8D2864AB24000D3386 /* Debug */,
				9AE05F8E2864AB24000D3386 /* Release */,
			);
			defaultConfigurationIsVisible = 0;
			defaultConfigurationName = Release;
		};
/* End XCConfigurationList section */

/* Begin XCVersionGroup section */
		9AE05F812864AB21000D3386 /* Helpi.xcdatamodeld */ = {
			isa = XCVersionGroup;
			children = (
				9AE05F822864AB21000D3386 /* Helpi.xcdatamodel */,
			);
			currentVersion = 9AE05F822864AB21000D3386 /* Helpi.xcdatamodel */;
			path = Helpi.xcdatamodeld;
			sourceTree = "<group>";
			versionGroupType = wrapper.xcdatamodel;
		};
/* End XCVersionGroup section */
	};
	rootObject = 9AE05F6D2864AB21000D3386 /* Project object */;
}
